
Microsoft Visual Studio Solution File, Format Version 12.00
# Visual Studio Version 17
VisualStudioVersion = 17.6.33815.320
MinimumVisualStudioVersion = 10.0.40219.1
Project("{FAE04EC0-301F-11D3-BF4B-00C04F79EFBC}") = "Re_QuanLiKS", "Re_QuanLiKS.csproj", "{6C6D1608-9A0E-48A9-B349-0BF28A9B2B93}"
EndProject
Global
	GlobalSection(SolutionConfigurationPlatforms) = preSolution
		Debug|Any CPU = Debug|Any CPU
		Release|Any CPU = Release|Any CPU
	EndGlobalSection
	GlobalSection(ProjectConfigurationPlatforms) = postSolution
		{6C6D1608-9A0E-48A9-B349-0BF28A9B2B93}.Debug|Any CPU.ActiveCfg = Debug|Any CPU
		{6C6D1608-9A0E-48A9-B349-0BF28A9B2B93}.Debug|Any CPU.Build.0 = Debug|Any CPU
		{6C6D1608-9A0E-48A9-B349-0BF28A9B2B93}.Release|Any CPU.ActiveCfg = Release|Any CPU
		{6C6D1608-9A0E-48A9-B349-0BF28A9B2B93}.Release|Any CPU.Build.0 = Release|Any CPU
	EndGlobalSection
	GlobalSection(SolutionProperties) = preSolution
		HideSolutionNode = FALSE
	EndGlobalSection
	GlobalSection(ExtensibilityGlobals) = postSolution
		SolutionGuid = {08AA88E0-1F03-462F-B69B-677FE5809D9F}
	EndGlobalSection
EndGlobal
